
Microsoft Visual Studio Solution File, Format Version 12.00
# Visual Studio Version 17
VisualStudioVersion = 17.0.31903.59
MinimumVisualStudioVersion = 10.0.40219.1
Project("{FAE04EC0-301F-11D3-BF4B-00C04F79EFBC}") = "OrderService.API", "OrderService.API\OrderService.API.csproj", "{15255F75-47B1-0E46-C52E-EE8D20CCAC80}"
EndProject
Project("{FAE04EC0-301F-11D3-BF4B-00C04F79EFBC}") = "SharedKernel", "..\SharedKernel\SharedKernel.csproj", "{C71DB168-5872-1C86-3B8B-5FDF83D4892C}"
EndProject
Global
	GlobalSection(SolutionConfigurationPlatforms) = preSolution
		Debug|Any CPU = Debug|Any CPU
		Release|Any CPU = Release|Any CPU
	EndGlobalSection
	GlobalSection(ProjectConfigurationPlatforms) = postSolution
		{15255F75-47B1-0E46-C52E-EE8D20CCAC80}.Debug|Any CPU.ActiveCfg = Debug|Any CPU
		{15255F75-47B1-0E46-C52E-EE8D20CCAC80}.Debug|Any CPU.Build.0 = Debug|Any CPU
		{15255F75-47B1-0E46-C52E-EE8D20CCAC80}.Release|Any CPU.ActiveCfg = Release|Any CPU
		{15255F75-47B1-0E46-C52E-EE8D20CCAC80}.Release|Any CPU.Build.0 = Release|Any CPU
		{C71DB168-5872-1C86-3B8B-5FDF83D4892C}.Debug|Any CPU.ActiveCfg = Debug|Any CPU
		{C71DB168-5872-1C86-3B8B-5FDF83D4892C}.Debug|Any CPU.Build.0 = Debug|Any CPU
		{C71DB168-5872-1C86-3B8B-5FDF83D4892C}.Release|Any CPU.ActiveCfg = Release|Any CPU
		{C71DB168-5872-1C86-3B8B-5FDF83D4892C}.Release|Any CPU.Build.0 = Release|Any CPU
	EndGlobalSection
	GlobalSection(SolutionProperties) = preSolution
		HideSolutionNode = FALSE
	EndGlobalSection
	GlobalSection(ExtensibilityGlobals) = postSolution
		SolutionGuid = {0CAB2A36-5A69-40B0-8948-24DDE5D34556}
	EndGlobalSection
EndGlobal
