
Microsoft Visual Studio Solution File, Format Version 12.00
# Visual Studio Version 17
VisualStudioVersion = 17.0.31903.59
MinimumVisualStudioVersion = 10.0.40219.1
Project("{FAE04EC0-301F-11D3-BF4B-00C04F79EFBC}") = "SharedKernel", "src\SharedKernel\SharedKernel.csproj", "{6C0D0A4A-6F55-4C5D-9E54-08BF94C43AB1}"
EndProject
Project("{FAE04EC0-301F-11D3-BF4B-00C04F79EFBC}") = "CartService.API", "src\CartService\CartService.API\CartService.API.csproj", "{6E5B7FFA-85FC-E318-1A31-2E2AC5CED66B}"
EndProject
Project("{FAE04EC0-301F-11D3-BF4B-00C04F79EFBC}") = "CatalogService.API", "src\CatalogService\CatalogService.API\CatalogService.API.csproj", "{AB09E414-6250-26E6-8008-8297350C0F23}"
EndProject
Project("{FAE04EC0-301F-11D3-BF4B-00C04F79EFBC}") = "OrderService.API", "src\OrderService\OrderService.API\OrderService.API.csproj", "{5097513A-6D89-E3B5-ED09-16233862C02A}"
EndProject
Project("{FAE04EC0-301F-11D3-BF4B-00C04F79EFBC}") = "PaymentService.API", "src\PaymentService\PaymentService.API\PaymentService.API.csproj", "{B42FDAEA-A248-1780-D9CC-AAEFA64F85C8}"
EndProject
Project("{FAE04EC0-301F-11D3-BF4B-00C04F79EFBC}") = "StockService.API", "src\StockService\StockService.API\StockService.API.csproj", "{51EC4A5C-6247-5A24-D7F8-703FFE343003}"
EndProject
Project("{FAE04EC0-301F-11D3-BF4B-00C04F79EFBC}") = "UserService.API", "src\UserService\UserService.API\UserService.API.csproj", "{8DB96752-AC5E-1F69-436B-755E403381A2}"
EndProject
Project("{FAE04EC0-301F-11D3-BF4B-00C04F79EFBC}") = "Gateway.API", "src\Gateway\Gateway.API\Gateway.API.csproj", "{7D762610-5DD4-B8D8-2880-79C0999E69CE}"
EndProject
Project("{FAE04EC0-301F-11D3-BF4B-00C04F79EFBC}") = "AuthService.API", "src\AuthService\AuthService.API\AuthService.API.csproj", "{68FECFE2-1A64-0976-068E-F201387FF6A7}"
EndProject
Global
	GlobalSection(SolutionConfigurationPlatforms) = preSolution
		Debug|Any CPU = Debug|Any CPU
		Release|Any CPU = Release|Any CPU
	EndGlobalSection
	GlobalSection(ProjectConfigurationPlatforms) = postSolution
		{6C0D0A4A-6F55-4C5D-9E54-08BF94C43AB1}.Debug|Any CPU.ActiveCfg = Debug|Any CPU
		{6C0D0A4A-6F55-4C5D-9E54-08BF94C43AB1}.Debug|Any CPU.Build.0 = Debug|Any CPU
		{6C0D0A4A-6F55-4C5D-9E54-08BF94C43AB1}.Release|Any CPU.ActiveCfg = Release|Any CPU
		{6C0D0A4A-6F55-4C5D-9E54-08BF94C43AB1}.Release|Any CPU.Build.0 = Release|Any CPU
		{6E5B7FFA-85FC-E318-1A31-2E2AC5CED66B}.Debug|Any CPU.ActiveCfg = Debug|Any CPU
		{6E5B7FFA-85FC-E318-1A31-2E2AC5CED66B}.Debug|Any CPU.Build.0 = Debug|Any CPU
		{6E5B7FFA-85FC-E318-1A31-2E2AC5CED66B}.Release|Any CPU.ActiveCfg = Release|Any CPU
		{6E5B7FFA-85FC-E318-1A31-2E2AC5CED66B}.Release|Any CPU.Build.0 = Release|Any CPU
		{AB09E414-6250-26E6-8008-8297350C0F23}.Debug|Any CPU.ActiveCfg = Debug|Any CPU
		{AB09E414-6250-26E6-8008-8297350C0F23}.Debug|Any CPU.Build.0 = Debug|Any CPU
		{AB09E414-6250-26E6-8008-8297350C0F23}.Release|Any CPU.ActiveCfg = Release|Any CPU
		{AB09E414-6250-26E6-8008-8297350C0F23}.Release|Any CPU.Build.0 = Release|Any CPU
		{5097513A-6D89-E3B5-ED09-16233862C02A}.Debug|Any CPU.ActiveCfg = Debug|Any CPU
		{5097513A-6D89-E3B5-ED09-16233862C02A}.Debug|Any CPU.Build.0 = Debug|Any CPU
		{5097513A-6D89-E3B5-ED09-16233862C02A}.Release|Any CPU.ActiveCfg = Release|Any CPU
		{5097513A-6D89-E3B5-ED09-16233862C02A}.Release|Any CPU.Build.0 = Release|Any CPU
		{B42FDAEA-A248-1780-D9CC-AAEFA64F85C8}.Debug|Any CPU.ActiveCfg = Debug|Any CPU
		{B42FDAEA-A248-1780-D9CC-AAEFA64F85C8}.Debug|Any CPU.Build.0 = Debug|Any CPU
		{B42FDAEA-A248-1780-D9CC-AAEFA64F85C8}.Release|Any CPU.ActiveCfg = Release|Any CPU
		{B42FDAEA-A248-1780-D9CC-AAEFA64F85C8}.Release|Any CPU.Build.0 = Release|Any CPU
		{51EC4A5C-6247-5A24-D7F8-703FFE343003}.Debug|Any CPU.ActiveCfg = Debug|Any CPU
		{51EC4A5C-6247-5A24-D7F8-703FFE343003}.Debug|Any CPU.Build.0 = Debug|Any CPU
		{51EC4A5C-6247-5A24-D7F8-703FFE343003}.Release|Any CPU.ActiveCfg = Release|Any CPU
		{51EC4A5C-6247-5A24-D7F8-703FFE343003}.Release|Any CPU.Build.0 = Release|Any CPU
		{8DB96752-AC5E-1F69-436B-755E403381A2}.Debug|Any CPU.ActiveCfg = Debug|Any CPU
		{8DB96752-AC5E-1F69-436B-755E403381A2}.Debug|Any CPU.Build.0 = Debug|Any CPU
		{8DB96752-AC5E-1F69-436B-755E403381A2}.Release|Any CPU.ActiveCfg = Release|Any CPU
		{8DB96752-AC5E-1F69-436B-755E403381A2}.Release|Any CPU.Build.0 = Release|Any CPU
		{7D762610-5DD4-B8D8-2880-79C0999E69CE}.Debug|Any CPU.ActiveCfg = Debug|Any CPU
		{7D762610-5DD4-B8D8-2880-79C0999E69CE}.Debug|Any CPU.Build.0 = Debug|Any CPU
		{7D762610-5DD4-B8D8-2880-79C0999E69CE}.Release|Any CPU.ActiveCfg = Release|Any CPU
		{7D762610-5DD4-B8D8-2880-79C0999E69CE}.Release|Any CPU.Build.0 = Release|Any CPU
		{68FECFE2-1A64-0976-068E-F201387FF6A7}.Debug|Any CPU.ActiveCfg = Debug|Any CPU
		{68FECFE2-1A64-0976-068E-F201387FF6A7}.Debug|Any CPU.Build.0 = Debug|Any CPU
		{68FECFE2-1A64-0976-068E-F201387FF6A7}.Release|Any CPU.ActiveCfg = Release|Any CPU
		{68FECFE2-1A64-0976-068E-F201387FF6A7}.Release|Any CPU.Build.0 = Release|Any CPU
	EndGlobalSection
	GlobalSection(SolutionProperties) = preSolution
		HideSolutionNode = FALSE
	EndGlobalSection
	GlobalSection(ExtensibilityGlobals) = postSolution
		SolutionGuid = {D4C6E3D6-FEA0-4057-B339-272E98504C11}
	EndGlobalSection
EndGlobal
