
Microsoft Visual Studio Solution File, Format Version 12.00
# Visual Studio Version 17
VisualStudioVersion = 17.0.31903.59
MinimumVisualStudioVersion = 10.0.40219.1
Project("{FAE04EC0-301F-11D3-BF4B-00C04F79EFBC}") = "SharedKernel", "..\SharedKernel\SharedKernel.csproj", "{C71DB168-5872-1C86-3B8B-5FDF83D4892C}"
EndProject
Project("{FAE04EC0-301F-11D3-BF4B-00C04F79EFBC}") = "CartService.API", "CartService.API\CartService.API.csproj", "{BF826747-90BB-5671-4BD2-A1580FDC3AB0}"
EndProject
Global
	GlobalSection(SolutionConfigurationPlatforms) = preSolution
		Debug|Any CPU = Debug|Any CPU
		Release|Any CPU = Release|Any CPU
	EndGlobalSection
	GlobalSection(ProjectConfigurationPlatforms) = postSolution
		{C71DB168-5872-1C86-3B8B-5FDF83D4892C}.Debug|Any CPU.ActiveCfg = Debug|Any CPU
		{C71DB168-5872-1C86-3B8B-5FDF83D4892C}.Debug|Any CPU.Build.0 = Debug|Any CPU
		{C71DB168-5872-1C86-3B8B-5FDF83D4892C}.Release|Any CPU.ActiveCfg = Release|Any CPU
		{C71DB168-5872-1C86-3B8B-5FDF83D4892C}.Release|Any CPU.Build.0 = Release|Any CPU
		{BF826747-90BB-5671-4BD2-A1580FDC3AB0}.Debug|Any CPU.ActiveCfg = Debug|Any CPU
		{BF826747-90BB-5671-4BD2-A1580FDC3AB0}.Debug|Any CPU.Build.0 = Debug|Any CPU
		{BF826747-90BB-5671-4BD2-A1580FDC3AB0}.Release|Any CPU.ActiveCfg = Release|Any CPU
		{BF826747-90BB-5671-4BD2-A1580FDC3AB0}.Release|Any CPU.Build.0 = Release|Any CPU
	EndGlobalSection
	GlobalSection(SolutionProperties) = preSolution
		HideSolutionNode = FALSE
	EndGlobalSection
	GlobalSection(ExtensibilityGlobals) = postSolution
		SolutionGuid = {FEF71D1B-5197-4813-BAB2-F071AAE53E7A}
	EndGlobalSection
EndGlobal
